
Microsoft Visual Studio Solution File, Format Version 12.00
# Visual Studio 15
VisualStudioVersion = 15.0.28307.136
MinimumVisualStudioVersion = 10.0.40219.1
Project("{FAE04EC0-301F-11D3-BF4B-00C04F79EFBC}") = "ITNews", "ITNews\ITNews.csproj", "{1079577F-7203-48A9-BC57-7552FA7B9AAE}"
EndProject
Global
	GlobalSection(SolutionConfigurationPlatforms) = preSolution
		Debug|Any CPU = Debug|Any CPU
		Release|Any CPU = Release|Any CPU
	EndGlobalSection
	GlobalSection(ProjectConfigurationPlatforms) = postSolution
		{1079577F-7203-48A9-BC57-7552FA7B9AAE}.Debug|Any CPU.ActiveCfg = Debug|Any CPU
		{1079577F-7203-48A9-BC57-7552FA7B9AAE}.Debug|Any CPU.Build.0 = Debug|Any CPU
		{1079577F-7203-48A9-BC57-7552FA7B9AAE}.Release|Any CPU.ActiveCfg = Release|Any CPU
		{1079577F-7203-48A9-BC57-7552FA7B9AAE}.Release|Any CPU.Build.0 = Release|Any CPU
	EndGlobalSection
	GlobalSection(SolutionProperties) = preSolution
		HideSolutionNode = FALSE
	EndGlobalSection
	GlobalSection(ExtensibilityGlobals) = postSolution
		SolutionGuid = {30212B0B-DE39-4B78-98FE-DF64AC8EC22F}
	EndGlobalSection
EndGlobal
